{
  "name": "scrash",
  "version": "1.0.1",
  "lockfileVersion": 2,
  "requires": true,
  "packages": {
    "": {
      "name": "scrash",
      "version": "1.0.1",
      "license": "AGPL-3.0-only",
      "dependencies": {
        "chroot": "^1.0.11",
        "node-pty": "^0.10.1"
      }
    },
    "node_modules/chroot": {
      "version": "1.0.11",
      "resolved": "https://registry.npmjs.org/chroot/-/chroot-1.0.11.tgz",
      "integrity": "sha512-9LntX/1TXG9mcwJvPOOo9PlfUrdVCrcEVEnPP9sB9GDUI/DHe3+TE/7OrxIcG5/Yc6VNxlS26onVbbghQVZvPw==",
      "dependencies": {
        "posix": ">=1.0.x <=4.x"
      }
    },
    "node_modules/nan": {
      "version": "2.16.0",
      "resolved": "https://registry.npmjs.org/nan/-/nan-2.16.0.tgz",
      "integrity": "sha512-UdAqHyFngu7TfQKsCBgAA6pWDkT8MAO7d0jyOecVhN5354xbLqdn8mV9Tat9gepAupm0bt2DbeaSC8vS52MuFA=="
    },
    "node_modules/node-pty": {
      "version": "0.10.1",
      "resolved": "https://registry.npmjs.org/node-pty/-/node-pty-0.10.1.tgz",
      "integrity": "sha512-JTdtUS0Im/yRsWJSx7yiW9rtpfmxqxolrtnyKwPLI+6XqTAPW/O2MjS8FYL4I5TsMbH2lVgDb2VMjp+9LoQGNg==",
      "hasInstallScript": true,
      "dependencies": {
        "nan": "^2.14.0"
      }
    },
    "node_modules/posix": {
      "version": "4.2.0",
      "resolved": "https://registry.npmjs.org/posix/-/posix-4.2.0.tgz",
      "integrity": "sha512-JbxfT0Fxy/SG10LSkKX1C75iULYfAJqYCwwmM6J0+zh2vl/bE51CqaqvSpdZWg7YAwiuDIoBI6j7in+n3GgXSw==",
      "hasInstallScript": true,
      "dependencies": {
        "nan": "^2.14.x"
      },
      "engines": {
        "node": ">= 0.10.0"
      }
    }
  },
  "dependencies": {
    "chroot": {
      "version": "1.0.11",
      "resolved": "https://registry.npmjs.org/chroot/-/chroot-1.0.11.tgz",
      "integrity": "sha512-9LntX/1TXG9mcwJvPOOo9PlfUrdVCrcEVEnPP9sB9GDUI/DHe3+TE/7OrxIcG5/Yc6VNxlS26onVbbghQVZvPw==",
      "requires": {
        "posix": ">=1.0.x <=4.x"
      }
    },
    "nan": {
      "version": "2.16.0",
      "resolved": "https://registry.npmjs.org/nan/-/nan-2.16.0.tgz",
      "integrity": "sha512-UdAqHyFngu7TfQKsCBgAA6pWDkT8MAO7d0jyOecVhN5354xbLqdn8mV9Tat9gepAupm0bt2DbeaSC8vS52MuFA=="
    },
    "node-pty": {
      "version": "0.10.1",
      "resolved": "https://registry.npmjs.org/node-pty/-/node-pty-0.10.1.tgz",
      "integrity": "sha512-JTdtUS0Im/yRsWJSx7yiW9rtpfmxqxolrtnyKwPLI+6XqTAPW/O2MjS8FYL4I5TsMbH2lVgDb2VMjp+9LoQGNg==",
      "requires": {
        "nan": "^2.14.0"
      }
    },
    "posix": {
      "version": "4.2.0",
      "resolved": "https://registry.npmjs.org/posix/-/posix-4.2.0.tgz",
      "integrity": "sha512-JbxfT0Fxy/SG10LSkKX1C75iULYfAJqYCwwmM6J0+zh2vl/bE51CqaqvSpdZWg7YAwiuDIoBI6j7in+n3GgXSw==",
      "requires": {
        "nan": "^2.14.x"
      }
    }
  }
}
